
Microsoft Visual Studio Solution File, Format Version 12.00
# Visual Studio Version 17
VisualStudioVersion = 17.11.35312.102
MinimumVisualStudioVersion = 10.0.40219.1
Project("{FAE04EC0-301F-11D3-BF4B-00C04F79EFBC}") = "ConsoleApp6", "ConsoleApp6.csproj", "{9C54481E-05AE-4D3F-87DB-6327AEB5CD13}"
EndProject
Global
	GlobalSection(SolutionConfigurationPlatforms) = preSolution
		Debug|Any CPU = Debug|Any CPU
		Release|Any CPU = Release|Any CPU
	EndGlobalSection
	GlobalSection(ProjectConfigurationPlatforms) = postSolution
		{9C54481E-05AE-4D3F-87DB-6327AEB5CD13}.Debug|Any CPU.ActiveCfg = Debug|Any CPU
		{9C54481E-05AE-4D3F-87DB-6327AEB5CD13}.Debug|Any CPU.Build.0 = Debug|Any CPU
		{9C54481E-05AE-4D3F-87DB-6327AEB5CD13}.Release|Any CPU.ActiveCfg = Release|Any CPU
		{9C54481E-05AE-4D3F-87DB-6327AEB5CD13}.Release|Any CPU.Build.0 = Release|Any CPU
	EndGlobalSection
	GlobalSection(SolutionProperties) = preSolution
		HideSolutionNode = FALSE
	EndGlobalSection
	GlobalSection(ExtensibilityGlobals) = postSolution
		SolutionGuid = {FE0C5509-4F7D-49F8-AABA-C34EA2FEC794}
	EndGlobalSection
EndGlobal
